# @generated by Move, please check-in and do not edit manually.

[move]
version = 3
manifest_digest = "45CE84211F02C96E787C438B4098EC94A3A534B6CF94A243B75ED092ED69621B"
deps_digest = "F8BBB0CCB2491CA29A3DF03D6F92277A4F3574266507ACD77214D37ECA3F3082"
dependencies = [
  { id = "Sui", name = "Sui" },
]

[[move.package]]
id = "MoveStdlib"
source = { git = "https://github.com/MystenLabs/sui.git", rev = "framework/testnet", subdir = "crates\\sui-framework\\packages\\move-stdlib" }

[[move.package]]
id = "Sui"
source = { git = "https://github.com/MystenLabs/sui.git", rev = "framework/testnet", subdir = "crates/sui-framework/packages/sui-framework" }

dependencies = [
  { id = "MoveStdlib", name = "MoveStdlib" },
]

[move.toolchain-version]
compiler-version = "1.54.0"
edition = "2024.beta"
flavor = "sui"

[env]

[env.testnet]
chain-id = "4c78adac"
original-published-id = "0xb6f793a43f7f97d0c11bf3ca8bfe36694b3c8cce3e4cf13b27afc4f5417c0663"
latest-published-id = "0xb6f793a43f7f97d0c11bf3ca8bfe36694b3c8cce3e4cf13b27afc4f5417c0663"
published-version = "1"
